
Microsoft Visual Studio Solution File, Format Version 12.00
# Visual Studio 15
VisualStudioVersion = 15.0.28307.271
MinimumVisualStudioVersion = 10.0.40219.1
Project("{FAE04EC0-301F-11D3-BF4B-00C04F79EFBC}") = "JWTsampleapp", "JWTsampleapp\JWTsampleapp.csproj", "{73832506-F4C8-42C7-AACA-63C59EFC9906}"
EndProject
Global
	GlobalSection(SolutionConfigurationPlatforms) = preSolution
		Debug|Any CPU = Debug|Any CPU
		Release|Any CPU = Release|Any CPU
	EndGlobalSection
	GlobalSection(ProjectConfigurationPlatforms) = postSolution
		{73832506-F4C8-42C7-AACA-63C59EFC9906}.Debug|Any CPU.ActiveCfg = Debug|Any CPU
		{73832506-F4C8-42C7-AACA-63C59EFC9906}.Debug|Any CPU.Build.0 = Debug|Any CPU
		{73832506-F4C8-42C7-AACA-63C59EFC9906}.Release|Any CPU.ActiveCfg = Release|Any CPU
		{73832506-F4C8-42C7-AACA-63C59EFC9906}.Release|Any CPU.Build.0 = Release|Any CPU
	EndGlobalSection
	GlobalSection(SolutionProperties) = preSolution
		HideSolutionNode = FALSE
	EndGlobalSection
	GlobalSection(ExtensibilityGlobals) = postSolution
		SolutionGuid = {8CFF04B5-0D79-4288-8369-484D57557BBB}
	EndGlobalSection
EndGlobal
