
Microsoft Visual Studio Solution File, Format Version 12.00
# Visual Studio 15
VisualStudioVersion = 15.0.27428.2015
MinimumVisualStudioVersion = 10.0.40219.1
Project("{FAE04EC0-301F-11D3-BF4B-00C04F79EFBC}") = "PrimeNumber", "PrimeNumber\PrimeNumber.csproj", "{6A625B73-38F1-4384-8CD4-211F4A502BB1}"
EndProject
Global
	GlobalSection(SolutionConfigurationPlatforms) = preSolution
		Debug|Any CPU = Debug|Any CPU
		Release|Any CPU = Release|Any CPU
	EndGlobalSection
	GlobalSection(ProjectConfigurationPlatforms) = postSolution
		{6A625B73-38F1-4384-8CD4-211F4A502BB1}.Debug|Any CPU.ActiveCfg = Debug|Any CPU
		{6A625B73-38F1-4384-8CD4-211F4A502BB1}.Debug|Any CPU.Build.0 = Debug|Any CPU
		{6A625B73-38F1-4384-8CD4-211F4A502BB1}.Release|Any CPU.ActiveCfg = Release|Any CPU
		{6A625B73-38F1-4384-8CD4-211F4A502BB1}.Release|Any CPU.Build.0 = Release|Any CPU
	EndGlobalSection
	GlobalSection(SolutionProperties) = preSolution
		HideSolutionNode = FALSE
	EndGlobalSection
	GlobalSection(ExtensibilityGlobals) = postSolution
		SolutionGuid = {CF0DF722-6D78-49D5-A6B5-41279B8216A4}
	EndGlobalSection
EndGlobal
