
Microsoft Visual Studio Solution File, Format Version 12.00
# Visual Studio 15
VisualStudioVersion = 15.0.27428.2015
MinimumVisualStudioVersion = 10.0.40219.1
Project("{FAE04EC0-301F-11D3-BF4B-00C04F79EFBC}") = "CLFIBD", "CLFIBD\CLFIBD.csproj", "{D612EE84-659A-4479-B3CB-2268B24F1E56}"
EndProject
Global
	GlobalSection(SolutionConfigurationPlatforms) = preSolution
		Debug|Any CPU = Debug|Any CPU
		Release|Any CPU = Release|Any CPU
	EndGlobalSection
	GlobalSection(ProjectConfigurationPlatforms) = postSolution
		{D612EE84-659A-4479-B3CB-2268B24F1E56}.Debug|Any CPU.ActiveCfg = Debug|Any CPU
		{D612EE84-659A-4479-B3CB-2268B24F1E56}.Debug|Any CPU.Build.0 = Debug|Any CPU
		{D612EE84-659A-4479-B3CB-2268B24F1E56}.Release|Any CPU.ActiveCfg = Release|Any CPU
		{D612EE84-659A-4479-B3CB-2268B24F1E56}.Release|Any CPU.Build.0 = Release|Any CPU
	EndGlobalSection
	GlobalSection(SolutionProperties) = preSolution
		HideSolutionNode = FALSE
	EndGlobalSection
	GlobalSection(ExtensibilityGlobals) = postSolution
		SolutionGuid = {9E7F6407-987A-4558-840E-DEE1489C4DB5}
	EndGlobalSection
EndGlobal
